
Microsoft Visual Studio Solution File, Format Version 12.00
# Visual Studio Version 16
VisualStudioVersion = 16.0.31515.178
MinimumVisualStudioVersion = 10.0.40219.1
Project("{FAE04EC0-301F-11D3-BF4B-00C04F79EFBC}") = "ManyToMany.UI", "ManyToMany\ManyToMany.UI.csproj", "{FEA43407-E8F3-49C6-8BE9-F32127D6A7BA}"
EndProject
Project("{9A19103F-16F7-4668-BE54-9A1E7A4F7556}") = "ManyToMany.DAO", "ManyToMany.DAO\ManyToMany.DAO.csproj", "{A082C40A-7007-404F-8F71-6222171F115C}"
EndProject
Project("{FAE04EC0-301F-11D3-BF4B-00C04F79EFBC}") = "ManyToMany.BLL", "ManyToMany.BLL\ManyToMany.BLL.csproj", "{CA2AAE27-C3CB-4DB6-8767-8E6557DBFF2B}"
EndProject
Global
	GlobalSection(SolutionConfigurationPlatforms) = preSolution
		Debug|Any CPU = Debug|Any CPU
		Release|Any CPU = Release|Any CPU
	EndGlobalSection
	GlobalSection(ProjectConfigurationPlatforms) = postSolution
		{FEA43407-E8F3-49C6-8BE9-F32127D6A7BA}.Debug|Any CPU.ActiveCfg = Debug|Any CPU
		{FEA43407-E8F3-49C6-8BE9-F32127D6A7BA}.Debug|Any CPU.Build.0 = Debug|Any CPU
		{FEA43407-E8F3-49C6-8BE9-F32127D6A7BA}.Release|Any CPU.ActiveCfg = Release|Any CPU
		{FEA43407-E8F3-49C6-8BE9-F32127D6A7BA}.Release|Any CPU.Build.0 = Release|Any CPU
		{A082C40A-7007-404F-8F71-6222171F115C}.Debug|Any CPU.ActiveCfg = Debug|Any CPU
		{A082C40A-7007-404F-8F71-6222171F115C}.Debug|Any CPU.Build.0 = Debug|Any CPU
		{A082C40A-7007-404F-8F71-6222171F115C}.Release|Any CPU.ActiveCfg = Release|Any CPU
		{A082C40A-7007-404F-8F71-6222171F115C}.Release|Any CPU.Build.0 = Release|Any CPU
		{CA2AAE27-C3CB-4DB6-8767-8E6557DBFF2B}.Debug|Any CPU.ActiveCfg = Debug|Any CPU
		{CA2AAE27-C3CB-4DB6-8767-8E6557DBFF2B}.Debug|Any CPU.Build.0 = Debug|Any CPU
		{CA2AAE27-C3CB-4DB6-8767-8E6557DBFF2B}.Release|Any CPU.ActiveCfg = Release|Any CPU
		{CA2AAE27-C3CB-4DB6-8767-8E6557DBFF2B}.Release|Any CPU.Build.0 = Release|Any CPU
	EndGlobalSection
	GlobalSection(SolutionProperties) = preSolution
		HideSolutionNode = FALSE
	EndGlobalSection
	GlobalSection(ExtensibilityGlobals) = postSolution
		SolutionGuid = {A21C635B-6CAA-47D0-A1EF-759BF736D030}
	EndGlobalSection
EndGlobal
